
Microsoft Visual Studio Solution File, Format Version 12.00
# Visual Studio Version 17
VisualStudioVersion = 17.11.35312.102
MinimumVisualStudioVersion = 10.0.40219.1
Project("{FAE04EC0-301F-11D3-BF4B-00C04F79EFBC}") = "AdministradorTFG", "AdministradorTFG\AdministradorTFG.csproj", "{8C222972-055A-402D-A941-41FD04A639EF}"
EndProject
Global
	GlobalSection(SolutionConfigurationPlatforms) = preSolution
		Debug|Any CPU = Debug|Any CPU
		Release|Any CPU = Release|Any CPU
	EndGlobalSection
	GlobalSection(ProjectConfigurationPlatforms) = postSolution
		{8C222972-055A-402D-A941-41FD04A639EF}.Debug|Any CPU.ActiveCfg = Debug|Any CPU
		{8C222972-055A-402D-A941-41FD04A639EF}.Debug|Any CPU.Build.0 = Debug|Any CPU
		{8C222972-055A-402D-A941-41FD04A639EF}.Release|Any CPU.ActiveCfg = Release|Any CPU
		{8C222972-055A-402D-A941-41FD04A639EF}.Release|Any CPU.Build.0 = Release|Any CPU
	EndGlobalSection
	GlobalSection(SolutionProperties) = preSolution
		HideSolutionNode = FALSE
	EndGlobalSection
	GlobalSection(ExtensibilityGlobals) = postSolution
		SolutionGuid = {DF2A8C85-3ADF-4845-9C2F-C7325C83FCED}
	EndGlobalSection
EndGlobal
